{
  "version": 1,
  "dependencies": {
    "net9.0": {
      "Microsoft.NET.ILLink.Tasks": {
        "type": "Direct",
        "requested": "[9.0.7, )",
        "resolved": "9.0.7",
        "contentHash": "SZ1brSGoLnhLbE8QUZrtN6YwzN2gDT1wbx9qDBEfFFJcstiDTjJ6ygNuTPBV/K7SjGfx2YNbcJi5+ygbPOZpDg=="
      },
      "System.Drawing.Common": {
        "type": "Direct",
        "requested": "[9.0.6, )",
        "resolved": "9.0.6",
        "contentHash": "KpPB6e7PYCalslhmq/dVa2tJgCcfUDhEK83j1Eix+BmEcNPP00JJBvFrBT7jGcHLmQzsIA4AthwNFkk+cD3RKA==",
        "dependencies": {
          "Microsoft.Win32.SystemEvents": "9.0.6"
        }
      },
      "Microsoft.Win32.SystemEvents": {
        "type": "Transitive",
        "resolved": "9.0.6",
        "contentHash": "mUa3Chovao0xQ74j2hUN5kDTn3luY/1e9usJYT0r51cgqfQsgQu5C8Cis9h65SNRbkbBwErfXKlBtHCkMiYa/g=="
      }
    }
  }
}